
Microsoft Visual Studio Solution File, Format Version 12.00
# Visual Studio Version 17
VisualStudioVersion = 17.0.31903.59
MinimumVisualStudioVersion = 10.0.40219.1
Project("{FAE04EC0-301F-11D3-BF4B-00C04F79EFBC}") = "SistecHub", "SistecHub.csproj", "{4D8DFFDD-7564-4C19-9CBB-F9D63CB91481}"
EndProject
Project("{FAE04EC0-301F-11D3-BF4B-00C04F79EFBC}") = "SistecHub.Service", "SistecHub.Service\SistecHub.Service.csproj", "{D62CDC18-3750-4667-B45C-85650455D002}"
EndProject
Project("{FAE04EC0-301F-11D3-BF4B-00C04F79EFBC}") = "SistecHub.ServiceSetup", "SistecHub.ServiceSetup\SistecHub.ServiceSetup.csproj", "{5BD3ED4D-F31D-464E-8221-594789935422}"
EndProject
Global
	GlobalSection(SolutionConfigurationPlatforms) = preSolution
		Debug|Any CPU = Debug|Any CPU
		Release|Any CPU = Release|Any CPU
	EndGlobalSection
	GlobalSection(SolutionProperties) = preSolution
		HideSolutionNode = FALSE
	EndGlobalSection
	GlobalSection(ProjectConfigurationPlatforms) = postSolution
		{4D8DFFDD-7564-4C19-9CBB-F9D63CB91481}.Debug|Any CPU.ActiveCfg = Debug|Any CPU
		{4D8DFFDD-7564-4C19-9CBB-F9D63CB91481}.Debug|Any CPU.Build.0 = Debug|Any CPU
		{4D8DFFDD-7564-4C19-9CBB-F9D63CB91481}.Release|Any CPU.ActiveCfg = Release|Any CPU
		{4D8DFFDD-7564-4C19-9CBB-F9D63CB91481}.Release|Any CPU.Build.0 = Release|Any CPU
		{D62CDC18-3750-4667-B45C-85650455D002}.Debug|Any CPU.ActiveCfg = Debug|Any CPU
		{D62CDC18-3750-4667-B45C-85650455D002}.Debug|Any CPU.Build.0 = Debug|Any CPU
		{D62CDC18-3750-4667-B45C-85650455D002}.Release|Any CPU.ActiveCfg = Release|Any CPU
		{D62CDC18-3750-4667-B45C-85650455D002}.Release|Any CPU.Build.0 = Release|Any CPU
		{5BD3ED4D-F31D-464E-8221-594789935422}.Debug|Any CPU.ActiveCfg = Debug|Any CPU
		{5BD3ED4D-F31D-464E-8221-594789935422}.Debug|Any CPU.Build.0 = Debug|Any CPU
		{5BD3ED4D-F31D-464E-8221-594789935422}.Release|Any CPU.ActiveCfg = Release|Any CPU
		{5BD3ED4D-F31D-464E-8221-594789935422}.Release|Any CPU.Build.0 = Release|Any CPU
	EndGlobalSection
EndGlobal
